// !$*UTF8*$!
{
	archiveVersion = 1;
	classes = {
	};
	objectVersion = 46;
	objects = {

/* Begin PBXBuildFile section */
		E2B9251E13529A73002B25A8 /* main.cpp in Sources */ = {isa = PBXBuildFile; fileRef = E2B9251D13529A73002B25A8 /* main.cpp */; };
		E2B9256B1352BA69002B25A8 /* LabWebSocket.cpp in Sources */ = {isa = PBXBuildFile; fileRef = E2B925691352BA69002B25A8 /* LabWebSocket.cpp */; };
		E2B9256E1352BB5B002B25A8 /* LabMD5.c in Sources */ = {isa = PBXBuildFile; fileRef = E2B9256C1352BB5B002B25A8 /* LabMD5.c */; };
		E2B925731352BF21002B25A8 /* LabJson.cpp in Sources */ = {isa = PBXBuildFile; fileRef = E2B9256F1352BF20002B25A8 /* LabJson.cpp */; };
		E2B925741352BF21002B25A8 /* LabJsonPath.cpp in Sources */ = {isa = PBXBuildFile; fileRef = E2B925711352BF21002B25A8 /* LabJsonPath.cpp */; };
		E2B925791352BF8B002B25A8 /* ftoa.c in Sources */ = {isa = PBXBuildFile; fileRef = E2B925751352BF8A002B25A8 /* ftoa.c */; };
		E2B9257A1352BF8B002B25A8 /* itoa.c in Sources */ = {isa = PBXBuildFile; fileRef = E2B925771352BF8A002B25A8 /* itoa.c */; };
		E2B9257D1352BFAD002B25A8 /* TextScanner.c in Sources */ = {isa = PBXBuildFile; fileRef = E2B9257B1352BFAC002B25A8 /* TextScanner.c */; };
/* End PBXBuildFile section */

/* Begin PBXCopyFilesBuildPhase section */
		E2B9251713529A73002B25A8 /* CopyFiles */ = {
			isa = PBXCopyFilesBuildPhase;
			buildActionMask = 2147483647;
			dstPath = /usr/share/man/man1/;
			dstSubfolderSpec = 0;
			files = (
			);
			runOnlyForDeploymentPostprocessing = 1;
		};
/* End PBXCopyFilesBuildPhase section */

/* Begin PBXFileReference section */
		E2B9251913529A73002B25A8 /* LabWeb */ = {isa = PBXFileReference; explicitFileType = "compiled.mach-o.executable"; includeInIndex = 0; path = LabWeb; sourceTree = BUILT_PRODUCTS_DIR; };
		E2B9251D13529A73002B25A8 /* main.cpp */ = {isa = PBXFileReference; lastKnownFileType = sourcecode.cpp.cpp; path = main.cpp; sourceTree = "<group>"; };
		E2B9251F13529A73002B25A8 /* LabWeb.1 */ = {isa = PBXFileReference; lastKnownFileType = text.man; path = LabWeb.1; sourceTree = "<group>"; };
		E2B925691352BA69002B25A8 /* LabWebSocket.cpp */ = {isa = PBXFileReference; fileEncoding = 4; lastKnownFileType = sourcecode.cpp.cpp; path = LabWebSocket.cpp; sourceTree = "<group>"; };
		E2B9256A1352BA69002B25A8 /* LabWebSocket.h */ = {isa = PBXFileReference; fileEncoding = 4; lastKnownFileType = sourcecode.c.h; path = LabWebSocket.h; sourceTree = "<group>"; };
		E2B9256C1352BB5B002B25A8 /* LabMD5.c */ = {isa = PBXFileReference; fileEncoding = 4; lastKnownFileType = sourcecode.c.c; path = LabMD5.c; sourceTree = "<group>"; };
		E2B9256D1352BB5B002B25A8 /* LabMD5.h */ = {isa = PBXFileReference; fileEncoding = 4; lastKnownFileType = sourcecode.c.h; path = LabMD5.h; sourceTree = "<group>"; };
		E2B9256F1352BF20002B25A8 /* LabJson.cpp */ = {isa = PBXFileReference; fileEncoding = 4; lastKnownFileType = sourcecode.cpp.cpp; path = LabJson.cpp; sourceTree = "<group>"; };
		E2B925701352BF20002B25A8 /* LabJson.h */ = {isa = PBXFileReference; fileEncoding = 4; lastKnownFileType = sourcecode.c.h; path = LabJson.h; sourceTree = "<group>"; };
		E2B925711352BF21002B25A8 /* LabJsonPath.cpp */ = {isa = PBXFileReference; fileEncoding = 4; lastKnownFileType = sourcecode.cpp.cpp; path = LabJsonPath.cpp; sourceTree = "<group>"; };
		E2B925721352BF21002B25A8 /* LabJsonPath.h */ = {isa = PBXFileReference; fileEncoding = 4; lastKnownFileType = sourcecode.c.h; path = LabJsonPath.h; sourceTree = "<group>"; };
		E2B925751352BF8A002B25A8 /* ftoa.c */ = {isa = PBXFileReference; fileEncoding = 4; lastKnownFileType = sourcecode.c.c; path = ftoa.c; sourceTree = "<group>"; };
		E2B925761352BF8A002B25A8 /* ftoa.h */ = {isa = PBXFileReference; fileEncoding = 4; lastKnownFileType = sourcecode.c.h; path = ftoa.h; sourceTree = "<group>"; };
		E2B925771352BF8A002B25A8 /* itoa.c */ = {isa = PBXFileReference; fileEncoding = 4; lastKnownFileType = sourcecode.c.c; path = itoa.c; sourceTree = "<group>"; };
		E2B925781352BF8A002B25A8 /* itoa.h */ = {isa = PBXFileReference; fileEncoding = 4; lastKnownFileType = sourcecode.c.h; path = itoa.h; sourceTree = "<group>"; };
		E2B9257B1352BFAC002B25A8 /* TextScanner.c */ = {isa = PBXFileReference; fileEncoding = 4; lastKnownFileType = sourcecode.c.c; path = TextScanner.c; sourceTree = "<group>"; };
		E2B9257C1352BFAC002B25A8 /* TextScanner.h */ = {isa = PBXFileReference; fileEncoding = 4; lastKnownFileType = sourcecode.c.h; path = TextScanner.h; sourceTree = "<group>"; };
/* End PBXFileReference section */

/* Begin PBXFrameworksBuildPhase section */
		E2B9251613529A73002B25A8 /* Frameworks */ = {
			isa = PBXFrameworksBuildPhase;
			buildActionMask = 2147483647;
			files = (
			);
			runOnlyForDeploymentPostprocessing = 0;
		};
/* End PBXFrameworksBuildPhase section */

/* Begin PBXGroup section */
		E2B9250E13529A73002B25A8 = {
			isa = PBXGroup;
			children = (
				E2B9251C13529A73002B25A8 /* LabWeb */,
				E2B9251A13529A73002B25A8 /* Products */,
			);
			sourceTree = "<group>";
		};
		E2B9251A13529A73002B25A8 /* Products */ = {
			isa = PBXGroup;
			children = (
				E2B9251913529A73002B25A8 /* LabWeb */,
			);
			name = Products;
			sourceTree = "<group>";
		};
		E2B9251C13529A73002B25A8 /* LabWeb */ = {
			isa = PBXGroup;
			children = (
				E2B9257B1352BFAC002B25A8 /* TextScanner.c */,
				E2B9257C1352BFAC002B25A8 /* TextScanner.h */,
				E2B925751352BF8A002B25A8 /* ftoa.c */,
				E2B925761352BF8A002B25A8 /* ftoa.h */,
				E2B925771352BF8A002B25A8 /* itoa.c */,
				E2B925781352BF8A002B25A8 /* itoa.h */,
				E2B9256F1352BF20002B25A8 /* LabJson.cpp */,
				E2B925701352BF20002B25A8 /* LabJson.h */,
				E2B925711352BF21002B25A8 /* LabJsonPath.cpp */,
				E2B925721352BF21002B25A8 /* LabJsonPath.h */,
				E2B9256C1352BB5B002B25A8 /* LabMD5.c */,
				E2B9256D1352BB5B002B25A8 /* LabMD5.h */,
				E2B9251D13529A73002B25A8 /* main.cpp */,
				E2B9251F13529A73002B25A8 /* LabWeb.1 */,
				E2B925691352BA69002B25A8 /* LabWebSocket.cpp */,
				E2B9256A1352BA69002B25A8 /* LabWebSocket.h */,
			);
			path = LabWeb;
			sourceTree = "<group>";
		};
/* End PBXGroup section */

/* Begin PBXNativeTarget section */
		E2B9251813529A73002B25A8 /* LabWeb */ = {
			isa = PBXNativeTarget;
			buildConfigurationList = E2B9252213529A73002B25A8 /* Build configuration list for PBXNativeTarget "LabWeb" */;
			buildPhases = (
				E2B9251513529A73002B25A8 /* Sources */,
				E2B9251613529A73002B25A8 /* Frameworks */,
				E2B9251713529A73002B25A8 /* CopyFiles */,
			);
			buildRules = (
			);
			dependencies = (
			);
			name = LabWeb;
			productName = LabWeb;
			productReference = E2B9251913529A73002B25A8 /* LabWeb */;
			productType = "com.apple.product-type.tool";
		};
/* End PBXNativeTarget section */

/* Begin PBXProject section */
		E2B9251013529A73002B25A8 /* Project object */ = {
			isa = PBXProject;
			buildConfigurationList = E2B9251313529A73002B25A8 /* Build configuration list for PBXProject "LabWeb" */;
			compatibilityVersion = "Xcode 3.2";
			developmentRegion = English;
			hasScannedForEncodings = 0;
			knownRegions = (
				en,
			);
			mainGroup = E2B9250E13529A73002B25A8;
			productRefGroup = E2B9251A13529A73002B25A8 /* Products */;
			projectDirPath = "";
			projectRoot = "";
			targets = (
				E2B9251813529A73002B25A8 /* LabWeb */,
			);
		};
/* End PBXProject section */

/* Begin PBXSourcesBuildPhase section */
		E2B9251513529A73002B25A8 /* Sources */ = {
			isa = PBXSourcesBuildPhase;
			buildActionMask = 2147483647;
			files = (
				E2B9251E13529A73002B25A8 /* main.cpp in Sources */,
				E2B9256B1352BA69002B25A8 /* LabWebSocket.cpp in Sources */,
				E2B9256E1352BB5B002B25A8 /* LabMD5.c in Sources */,
				E2B925731352BF21002B25A8 /* LabJson.cpp in Sources */,
				E2B925741352BF21002B25A8 /* LabJsonPath.cpp in Sources */,
				E2B925791352BF8B002B25A8 /* ftoa.c in Sources */,
				E2B9257A1352BF8B002B25A8 /* itoa.c in Sources */,
				E2B9257D1352BFAD002B25A8 /* TextScanner.c in Sources */,
			);
			runOnlyForDeploymentPostprocessing = 0;
		};
/* End PBXSourcesBuildPhase section */

/* Begin XCBuildConfiguration section */
		E2B9252013529A73002B25A8 /* Debug */ = {
			isa = XCBuildConfiguration;
			buildSettings = {
				ARCHS = "$(ARCHS_STANDARD_32_64_BIT)";
				GCC_C_LANGUAGE_STANDARD = gnu99;
				GCC_OPTIMIZATION_LEVEL = 0;
				GCC_PREPROCESSOR_DEFINITIONS = DEBUG;
				GCC_SYMBOLS_PRIVATE_EXTERN = NO;
				GCC_VERSION = com.apple.compilers.llvm.clang.1_0;
				GCC_WARN_64_TO_32_BIT_CONVERSION = YES;
				GCC_WARN_ABOUT_RETURN_TYPE = YES;
				GCC_WARN_UNUSED_VARIABLE = YES;
				MACOSX_DEPLOYMENT_TARGET = 10.6;
				ONLY_ACTIVE_ARCH = YES;
				SDKROOT = macosx;
			};
			name = Debug;
		};
		E2B9252113529A73002B25A8 /* Release */ = {
			isa = XCBuildConfiguration;
			buildSettings = {
				ARCHS = "$(ARCHS_STANDARD_32_64_BIT)";
				GCC_C_LANGUAGE_STANDARD = gnu99;
				GCC_VERSION = com.apple.compilers.llvm.clang.1_0;
				GCC_WARN_64_TO_32_BIT_CONVERSION = YES;
				GCC_WARN_ABOUT_RETURN_TYPE = YES;
				GCC_WARN_UNUSED_VARIABLE = YES;
				MACOSX_DEPLOYMENT_TARGET = 10.6;
				SDKROOT = macosx;
			};
			name = Release;
		};
		E2B9252313529A73002B25A8 /* Debug */ = {
			isa = XCBuildConfiguration;
			buildSettings = {
				ALWAYS_SEARCH_USER_PATHS = NO;
				COPY_PHASE_STRIP = NO;
				GCC_DYNAMIC_NO_PIC = NO;
				GCC_ENABLE_OBJC_EXCEPTIONS = YES;
				HEADER_SEARCH_PATHS = /opt/local/include/boost;
				LIBRARY_SEARCH_PATHS = /opt/local/lib;
				OTHER_LDFLAGS = (
					/opt/local/lib/libboost_system.a,
					"/opt/local/lib/libboost_thread-mt.a",
				);
				PRODUCT_NAME = "$(TARGET_NAME)";
				USER_HEADER_SEARCH_PATHS = "";
			};
			name = Debug;
		};
		E2B9252413529A73002B25A8 /* Release */ = {
			isa = XCBuildConfiguration;
			buildSettings = {
				ALWAYS_SEARCH_USER_PATHS = NO;
				COPY_PHASE_STRIP = YES;
				DEBUG_INFORMATION_FORMAT = "dwarf-with-dsym";
				GCC_ENABLE_OBJC_EXCEPTIONS = YES;
				HEADER_SEARCH_PATHS = /opt/local/include/boost;
				LIBRARY_SEARCH_PATHS = /opt/local/lib;
				OTHER_LDFLAGS = (
					/opt/local/lib/libboost_system.a,
					"/opt/local/lib/libboost_thread-mt.a",
				);
				PRODUCT_NAME = "$(TARGET_NAME)";
				USER_HEADER_SEARCH_PATHS = "";
			};
			name = Release;
		};
/* End XCBuildConfiguration section */

/* Begin XCConfigurationList section */
		E2B9251313529A73002B25A8 /* Build configuration list for PBXProject "LabWeb" */ = {
			isa = XCConfigurationList;
			buildConfigurations = (
				E2B9252013529A73002B25A8 /* Debug */,
				E2B9252113529A73002B25A8 /* Release */,
			);
			defaultConfigurationIsVisible = 0;
			defaultConfigurationName = Release;
		};
		E2B9252213529A73002B25A8 /* Build configuration list for PBXNativeTarget "LabWeb" */ = {
			isa = XCConfigurationList;
			buildConfigurations = (
				E2B9252313529A73002B25A8 /* Debug */,
				E2B9252413529A73002B25A8 /* Release */,
			);
			defaultConfigurationIsVisible = 0;
		};
/* End XCConfigurationList section */
	};
	rootObject = E2B9251013529A73002B25A8 /* Project object */;
}
